
Microsoft Visual Studio Solution File, Format Version 12.00
# Visual Studio Version 17
VisualStudioVersion = 17.4.33110.190
MinimumVisualStudioVersion = 10.0.40219.1
Project("{2150E333-8FDC-42A3-9474-1A3956D46DE8}") = "1. Client", "1. Client", "{3DE4351C-D057-4E6C-863B-923588BEC7C1}"
EndProject
Project("{2150E333-8FDC-42A3-9474-1A3956D46DE8}") = "2. Server", "2. Server", "{C3D80E7D-605E-4BF5-B487-9AA5212AC78A}"
EndProject
Project("{2150E333-8FDC-42A3-9474-1A3956D46DE8}") = "3. Core", "3. Core", "{53DB2213-2C88-4FA2-831E-B8A4970A02EF}"
EndProject
Project("{2150E333-8FDC-42A3-9474-1A3956D46DE8}") = "4. Infraestructure", "4. Infraestructure", "{9627AB87-90E6-4991-AE9D-F657B6F32851}"
EndProject
Project("{2150E333-8FDC-42A3-9474-1A3956D46DE8}") = "5. Shared", "5. Shared", "{39B64810-ED20-4E0C-B85F-7C5C71ACB816}"
EndProject
Project("{2150E333-8FDC-42A3-9474-1A3956D46DE8}") = "6. Documentation", "6. Documentation", "{8015D58A-2539-4F99-8379-F092C8E6FD2B}"
	ProjectSection(SolutionItems) = preProject
		Documentation.txt = Documentation.txt
	EndProjectSection
EndProject
Project("{2150E333-8FDC-42A3-9474-1A3956D46DE8}") = "7. Test", "7. Test", "{9AC3509C-7282-4DC8-A6CA-C54C2B9F0454}"
EndProject
Project("{9A19103F-16F7-4668-BE54-9A1E7A4F7556}") = "Pomona.Pwa.Server", "Pomona.Pwa\Server\Pomona.Pwa.Server.csproj", "{335EC699-DDEF-4322-8D11-BA018B119AE2}"
EndProject
Project("{9A19103F-16F7-4668-BE54-9A1E7A4F7556}") = "Pomona.Pwa.Client", "Pomona.Pwa\Client\Pomona.Pwa.Client.csproj", "{9D4F743A-678B-470A-8F50-A612641350BA}"
EndProject
Project("{9A19103F-16F7-4668-BE54-9A1E7A4F7556}") = "Pomona.Pwa.Shared", "Pomona.Pwa\Shared\Pomona.Pwa.Shared.csproj", "{1B9397D1-4BC6-4804-8143-3446DFEBEA98}"
EndProject
Project("{9A19103F-16F7-4668-BE54-9A1E7A4F7556}") = "Pomona.Domain", "3. Core\Pomona.Domain\Pomona.Domain.csproj", "{4F9F3D0F-9325-40ED-8472-A787640D062A}"
EndProject
Project("{9A19103F-16F7-4668-BE54-9A1E7A4F7556}") = "Pomona.Application", "3. Core\Pomona.Application\Pomona.Application.csproj", "{205239DC-20B9-4FEF-B310-203362D477FC}"
EndProject
Project("{9A19103F-16F7-4668-BE54-9A1E7A4F7556}") = "Pomona.Models", "3. Core\Pomona.Models\Pomona.Models.csproj", "{39B8701C-066D-4C13-9700-579A3F74A561}"
EndProject
Project("{9A19103F-16F7-4668-BE54-9A1E7A4F7556}") = "Pomona.Protos", "3. Core\Pomona.Protos\Pomona.Protos.csproj", "{94C952AD-E01A-4D68-ACA1-60FEFCBE83AC}"
EndProject
Project("{9A19103F-16F7-4668-BE54-9A1E7A4F7556}") = "Pomona.Infrastructure", "4. Infraestructure\Pomona.Infrastructure\Pomona.Infrastructure.csproj", "{B1A7DFA6-848C-4A6A-9CC6-044B5D10E55E}"
EndProject
Project("{9A19103F-16F7-4668-BE54-9A1E7A4F7556}") = "Pomona.Persistence", "4. Infraestructure\Pomona.Persistence\Pomona.Persistence.csproj", "{80A58DB9-5021-4A8B-93A8-368A4AE65528}"
EndProject
Project("{9A19103F-16F7-4668-BE54-9A1E7A4F7556}") = "Pomona.Utilities", "5. Shared\Pomona.Utilities\Pomona.Utilities.csproj", "{CF5A58AE-620B-4536-873E-FCC05AAFE8BD}"
EndProject
Project("{FAE04EC0-301F-11D3-BF4B-00C04F79EFBC}") = "Jewelry.Test", "7. Test\Jewelry.Test\Jewelry.Test.csproj", "{ACA58DFA-76EE-4E92-98BA-51D14018EAAA}"
EndProject
Global
	GlobalSection(SolutionConfigurationPlatforms) = preSolution
		Debug|Any CPU = Debug|Any CPU
		Release|Any CPU = Release|Any CPU
	EndGlobalSection
	GlobalSection(ProjectConfigurationPlatforms) = postSolution
		{335EC699-DDEF-4322-8D11-BA018B119AE2}.Debug|Any CPU.ActiveCfg = Debug|Any CPU
		{335EC699-DDEF-4322-8D11-BA018B119AE2}.Debug|Any CPU.Build.0 = Debug|Any CPU
		{335EC699-DDEF-4322-8D11-BA018B119AE2}.Release|Any CPU.ActiveCfg = Release|Any CPU
		{335EC699-DDEF-4322-8D11-BA018B119AE2}.Release|Any CPU.Build.0 = Release|Any CPU
		{9D4F743A-678B-470A-8F50-A612641350BA}.Debug|Any CPU.ActiveCfg = Debug|Any CPU
		{9D4F743A-678B-470A-8F50-A612641350BA}.Debug|Any CPU.Build.0 = Debug|Any CPU
		{9D4F743A-678B-470A-8F50-A612641350BA}.Release|Any CPU.ActiveCfg = Release|Any CPU
		{9D4F743A-678B-470A-8F50-A612641350BA}.Release|Any CPU.Build.0 = Release|Any CPU
		{1B9397D1-4BC6-4804-8143-3446DFEBEA98}.Debug|Any CPU.ActiveCfg = Debug|Any CPU
		{1B9397D1-4BC6-4804-8143-3446DFEBEA98}.Debug|Any CPU.Build.0 = Debug|Any CPU
		{1B9397D1-4BC6-4804-8143-3446DFEBEA98}.Release|Any CPU.ActiveCfg = Release|Any CPU
		{1B9397D1-4BC6-4804-8143-3446DFEBEA98}.Release|Any CPU.Build.0 = Release|Any CPU
		{4F9F3D0F-9325-40ED-8472-A787640D062A}.Debug|Any CPU.ActiveCfg = Debug|Any CPU
		{4F9F3D0F-9325-40ED-8472-A787640D062A}.Debug|Any CPU.Build.0 = Debug|Any CPU
		{4F9F3D0F-9325-40ED-8472-A787640D062A}.Release|Any CPU.ActiveCfg = Release|Any CPU
		{4F9F3D0F-9325-40ED-8472-A787640D062A}.Release|Any CPU.Build.0 = Release|Any CPU
		{205239DC-20B9-4FEF-B310-203362D477FC}.Debug|Any CPU.ActiveCfg = Debug|Any CPU
		{205239DC-20B9-4FEF-B310-203362D477FC}.Debug|Any CPU.Build.0 = Debug|Any CPU
		{205239DC-20B9-4FEF-B310-203362D477FC}.Release|Any CPU.ActiveCfg = Release|Any CPU
		{205239DC-20B9-4FEF-B310-203362D477FC}.Release|Any CPU.Build.0 = Release|Any CPU
		{39B8701C-066D-4C13-9700-579A3F74A561}.Debug|Any CPU.ActiveCfg = Debug|Any CPU
		{39B8701C-066D-4C13-9700-579A3F74A561}.Debug|Any CPU.Build.0 = Debug|Any CPU
		{39B8701C-066D-4C13-9700-579A3F74A561}.Release|Any CPU.ActiveCfg = Release|Any CPU
		{39B8701C-066D-4C13-9700-579A3F74A561}.Release|Any CPU.Build.0 = Release|Any CPU
		{94C952AD-E01A-4D68-ACA1-60FEFCBE83AC}.Debug|Any CPU.ActiveCfg = Debug|Any CPU
		{94C952AD-E01A-4D68-ACA1-60FEFCBE83AC}.Debug|Any CPU.Build.0 = Debug|Any CPU
		{94C952AD-E01A-4D68-ACA1-60FEFCBE83AC}.Release|Any CPU.ActiveCfg = Release|Any CPU
		{94C952AD-E01A-4D68-ACA1-60FEFCBE83AC}.Release|Any CPU.Build.0 = Release|Any CPU
		{B1A7DFA6-848C-4A6A-9CC6-044B5D10E55E}.Debug|Any CPU.ActiveCfg = Debug|Any CPU
		{B1A7DFA6-848C-4A6A-9CC6-044B5D10E55E}.Debug|Any CPU.Build.0 = Debug|Any CPU
		{B1A7DFA6-848C-4A6A-9CC6-044B5D10E55E}.Release|Any CPU.ActiveCfg = Release|Any CPU
		{B1A7DFA6-848C-4A6A-9CC6-044B5D10E55E}.Release|Any CPU.Build.0 = Release|Any CPU
		{80A58DB9-5021-4A8B-93A8-368A4AE65528}.Debug|Any CPU.ActiveCfg = Debug|Any CPU
		{80A58DB9-5021-4A8B-93A8-368A4AE65528}.Debug|Any CPU.Build.0 = Debug|Any CPU
		{80A58DB9-5021-4A8B-93A8-368A4AE65528}.Release|Any CPU.ActiveCfg = Release|Any CPU
		{80A58DB9-5021-4A8B-93A8-368A4AE65528}.Release|Any CPU.Build.0 = Release|Any CPU
		{CF5A58AE-620B-4536-873E-FCC05AAFE8BD}.Debug|Any CPU.ActiveCfg = Debug|Any CPU
		{CF5A58AE-620B-4536-873E-FCC05AAFE8BD}.Debug|Any CPU.Build.0 = Debug|Any CPU
		{CF5A58AE-620B-4536-873E-FCC05AAFE8BD}.Release|Any CPU.ActiveCfg = Release|Any CPU
		{CF5A58AE-620B-4536-873E-FCC05AAFE8BD}.Release|Any CPU.Build.0 = Release|Any CPU
		{ACA58DFA-76EE-4E92-98BA-51D14018EAAA}.Debug|Any CPU.ActiveCfg = Debug|Any CPU
		{ACA58DFA-76EE-4E92-98BA-51D14018EAAA}.Debug|Any CPU.Build.0 = Debug|Any CPU
		{ACA58DFA-76EE-4E92-98BA-51D14018EAAA}.Release|Any CPU.ActiveCfg = Release|Any CPU
		{ACA58DFA-76EE-4E92-98BA-51D14018EAAA}.Release|Any CPU.Build.0 = Release|Any CPU
	EndGlobalSection
	GlobalSection(SolutionProperties) = preSolution
		HideSolutionNode = FALSE
	EndGlobalSection
	GlobalSection(NestedProjects) = preSolution
		{335EC699-DDEF-4322-8D11-BA018B119AE2} = {C3D80E7D-605E-4BF5-B487-9AA5212AC78A}
		{9D4F743A-678B-470A-8F50-A612641350BA} = {3DE4351C-D057-4E6C-863B-923588BEC7C1}
		{1B9397D1-4BC6-4804-8143-3446DFEBEA98} = {39B64810-ED20-4E0C-B85F-7C5C71ACB816}
		{4F9F3D0F-9325-40ED-8472-A787640D062A} = {53DB2213-2C88-4FA2-831E-B8A4970A02EF}
		{205239DC-20B9-4FEF-B310-203362D477FC} = {53DB2213-2C88-4FA2-831E-B8A4970A02EF}
		{39B8701C-066D-4C13-9700-579A3F74A561} = {53DB2213-2C88-4FA2-831E-B8A4970A02EF}
		{94C952AD-E01A-4D68-ACA1-60FEFCBE83AC} = {53DB2213-2C88-4FA2-831E-B8A4970A02EF}
		{B1A7DFA6-848C-4A6A-9CC6-044B5D10E55E} = {9627AB87-90E6-4991-AE9D-F657B6F32851}
		{80A58DB9-5021-4A8B-93A8-368A4AE65528} = {9627AB87-90E6-4991-AE9D-F657B6F32851}
		{CF5A58AE-620B-4536-873E-FCC05AAFE8BD} = {39B64810-ED20-4E0C-B85F-7C5C71ACB816}
		{ACA58DFA-76EE-4E92-98BA-51D14018EAAA} = {9AC3509C-7282-4DC8-A6CA-C54C2B9F0454}
	EndGlobalSection
	GlobalSection(ExtensibilityGlobals) = postSolution
		SolutionGuid = {48C754D3-7C37-4A5F-8AF7-56DA65B8B3FF}
	EndGlobalSection
EndGlobal
